PODS:
  - Masonry (1.1.0)
  - ss-oc-core (0.1.0)
  - ZKUIKit (0.1.10):
    - Masonry

DEPENDENCIES:
  - ss-oc-core
  - ZKUIKit

SPEC CHECKSUMS:
  Masonry: 678fab65091a9290e40e2832a55e7ab731aad201
  ss-oc-core: d658646ab2499efc36a84ff0196b29bae048ef97
  ZKUIKit: f6fbbb23e0f62821845bdfa901cbbbe9fafb770c

PODFILE CHECKSUM: cb21cf31e7912c1f81e8492a4f42cd7bf845e710

COCOAPODS: 1.3.1
