// !$*UTF8*$!
{
	archiveVersion = 1;
	classes = {
	};
	objectVersion = 48;
	objects = {

/* Begin PBXBuildFile section */
		701DE1256B1522937589C4E6 /* Pods_CachePlay.framework in Frameworks */ = {isa = PBXBuildFile; fileRef = 795BE677B7CB8C50C501CB49 /* Pods_CachePlay.framework */; };
		8AB119971FD5521D00FDDF3E /* AppDelegate.swift in Sources */ = {isa = PBXBuildFile; fileRef = 8AB119961FD5521D00FDDF3E /* AppDelegate.swift */; };
		8AB119991FD5521D00FDDF3E /* ViewController.swift in Sources */ = {isa = PBXBuildFile; fileRef = 8AB119981FD5521D00FDDF3E /* ViewController.swift */; };
		8AB1199C1FD5521D00FDDF3E /* Main.storyboard in Resources */ = {isa = PBXBuildFile; fileRef = 8AB1199A1FD5521D00FDDF3E /* Main.storyboard */; };
		8AB1199E1FD5521D00FDDF3E /* Assets.xcassets in Resources */ = {isa = PBXBuildFile; fileRef = 8AB1199D1FD5521D00FDDF3E /* Assets.xcassets */; };
		8AB119A11FD5521D00FDDF3E /* LaunchScreen.storyboard in Resources */ = {isa = PBXBuildFile; fileRef = 8AB1199F1FD5521D00FDDF3E /* LaunchScreen.storyboard */; };
		9DF9481DD5984273D095FF5B /* Swifter.framework in Frameworks */ = {isa = PBXBuildFile; fileRef = 107A91EDA035E86BA4D85842 /* Swifter.framework */; };
		F7B01CE71FD70131007DF03E /* CacheProxyServer.swift in Sources */ = {isa = PBXBuildFile; fileRef = F7B01CE61FD70131007DF03E /* CacheProxyServer.swift */; };
/* End PBXBuildFile section */

/* Begin PBXFileReference section */
		107A91EDA035E86BA4D85842 /* Swifter.framework */ = {isa = PBXFileReference; lastKnownFileType = wrapper.framework; name = Swifter.framework; path = Carthage/Build/iOS/Swifter.framework; sourceTree = "<group>"; };
		795BE677B7CB8C50C501CB49 /* Pods_CachePlay.framework */ = {isa = PBXFileReference; explicitFileType = wrapper.framework; includeInIndex = 0; path = Pods_CachePlay.framework; sourceTree = BUILT_PRODUCTS_DIR; };
		8303177F359DF9F5E3D4A7DF /* Pods-CachePlay.release.xcconfig */ = {isa = PBXFileReference; includeInIndex = 1; lastKnownFileType = text.xcconfig; name = "Pods-CachePlay.release.xcconfig"; path = "Pods/Target Support Files/Pods-CachePlay/Pods-CachePlay.release.xcconfig"; sourceTree = "<group>"; };
		8AB119931FD5521D00FDDF3E /* CachePlay.app */ = {isa = PBXFileReference; explicitFileType = wrapper.application; includeInIndex = 0; path = CachePlay.app; sourceTree = BUILT_PRODUCTS_DIR; };
		8AB119961FD5521D00FDDF3E /* AppDelegate.swift */ = {isa = PBXFileReference; lastKnownFileType = sourcecode.swift; path = AppDelegate.swift; sourceTree = "<group>"; };
		8AB119981FD5521D00FDDF3E /* ViewController.swift */ = {isa = PBXFileReference; lastKnownFileType = sourcecode.swift; path = ViewController.swift; sourceTree = "<group>"; };
		8AB1199B1FD5521D00FDDF3E /* Base */ = {isa = PBXFileReference; lastKnownFileType = file.storyboard; name = Base; path = Base.lproj/Main.storyboard; sourceTree = "<group>"; };
		8AB1199D1FD5521D00FDDF3E /* Assets.xcassets */ = {isa = PBXFileReference; lastKnownFileType = folder.assetcatalog; path = Assets.xcassets; sourceTree = "<group>"; };
		8AB119A01FD5521D00FDDF3E /* Base */ = {isa = PBXFileReference; lastKnownFileType = file.storyboard; name = Base; path = Base.lproj/LaunchScreen.storyboard; sourceTree = "<group>"; };
		8AB119A21FD5521D00FDDF3E /* Info.plist */ = {isa = PBXFileReference; lastKnownFileType = text.plist.xml; path = Info.plist; sourceTree = "<group>"; };
		B47B0870A8F17BAC539B5552 /* Pods-CachePlay.debug.xcconfig */ = {isa = PBXFileReference; includeInIndex = 1; lastKnownFileType = text.xcconfig; name = "Pods-CachePlay.debug.xcconfig"; path = "Pods/Target Support Files/Pods-CachePlay/Pods-CachePlay.debug.xcconfig"; sourceTree = "<group>"; };
		F7B01CE61FD70131007DF03E /* CacheProxyServer.swift */ = {isa = PBXFileReference; lastKnownFileType = sourcecode.swift; path = CacheProxyServer.swift; sourceTree = "<group>"; };
/* End PBXFileReference section */

/* Begin PBXFrameworksBuildPhase section */
		8AB119901FD5521D00FDDF3E /* Frameworks */ = {
			isa = PBXFrameworksBuildPhase;
			buildActionMask = 2147483647;
			files = (
				701DE1256B1522937589C4E6 /* Pods_CachePlay.framework in Frameworks */,
				9DF9481DD5984273D095FF5B /* Swifter.framework in Frameworks */,
			);
			runOnlyForDeploymentPostprocessing = 0;
		};
/* End PBXFrameworksBuildPhase section */

/* Begin PBXGroup section */
		0FF5959F7B99DEB6AC8E78E5 /* Frameworks */ = {
			isa = PBXGroup;
			children = (
				795BE677B7CB8C50C501CB49 /* Pods_CachePlay.framework */,
				107A91EDA035E86BA4D85842 /* Swifter.framework */,
			);
			name = Frameworks;
			sourceTree = "<group>";
		};
		89CD401B9E75D5C61964E066 /* Pods */ = {
			isa = PBXGroup;
			children = (
				B47B0870A8F17BAC539B5552 /* Pods-CachePlay.debug.xcconfig */,
				8303177F359DF9F5E3D4A7DF /* Pods-CachePlay.release.xcconfig */,
			);
			name = Pods;
			sourceTree = "<group>";
		};
		8AB1198A1FD5521D00FDDF3E = {
			isa = PBXGroup;
			children = (
				8AB119951FD5521D00FDDF3E /* CachePlay */,
				8AB119941FD5521D00FDDF3E /* Products */,
				89CD401B9E75D5C61964E066 /* Pods */,
				0FF5959F7B99DEB6AC8E78E5 /* Frameworks */,
			);
			sourceTree = "<group>";
		};
		8AB119941FD5521D00FDDF3E /* Products */ = {
			isa = PBXGroup;
			children = (
				8AB119931FD5521D00FDDF3E /* CachePlay.app */,
			);
			name = Products;
			sourceTree = "<group>";
		};
		8AB119951FD5521D00FDDF3E /* CachePlay */ = {
			isa = PBXGroup;
			children = (
				F7B01CE51FD700D3007DF03E /* cache-proxy */,
				8AB119961FD5521D00FDDF3E /* AppDelegate.swift */,
				8AB119981FD5521D00FDDF3E /* ViewController.swift */,
				8AB1199A1FD5521D00FDDF3E /* Main.storyboard */,
				8AB1199D1FD5521D00FDDF3E /* Assets.xcassets */,
				8AB1199F1FD5521D00FDDF3E /* LaunchScreen.storyboard */,
				8AB119A21FD5521D00FDDF3E /* Info.plist */,
			);
			path = CachePlay;
			sourceTree = "<group>";
		};
		F7B01CE51FD700D3007DF03E /* cache-proxy */ = {
			isa = PBXGroup;
			children = (
				F7B01CE61FD70131007DF03E /* CacheProxyServer.swift */,
			);
			path = "cache-proxy";
			sourceTree = "<group>";
		};
/* End PBXGroup section */

/* Begin PBXNativeTarget section */
		8AB119921FD5521D00FDDF3E /* CachePlay */ = {
			isa = PBXNativeTarget;
			buildConfigurationList = 8AB119A51FD5521D00FDDF3E /* Build configuration list for PBXNativeTarget "CachePlay" */;
			buildPhases = (
				2DB6C7C49C08E985CD3BE5D6 /* [CP] Check Pods Manifest.lock */,
				8AB1198F1FD5521D00FDDF3E /* Sources */,
				8AB119901FD5521D00FDDF3E /* Frameworks */,
				8AB119911FD5521D00FDDF3E /* Resources */,
				D305634CF38D51C8D25F5886 /* [CP] Embed Pods Frameworks */,
				2B81EA1CC20723B69C5A8A5C /* [CP] Copy Pods Resources */,
				03A1B38489B719F592087724 /* Auto add frameworks for Carthage */,
				C9E414D516CD73C16DDDF57E /* Check deps update for Carthage */,
			);
			buildRules = (
			);
			dependencies = (
			);
			name = CachePlay;
			productName = CachePlay;
			productReference = 8AB119931FD5521D00FDDF3E /* CachePlay.app */;
			productType = "com.apple.product-type.application";
		};
/* End PBXNativeTarget section */

/* Begin PBXProject section */
		8AB1198B1FD5521D00FDDF3E /* Project object */ = {
			isa = PBXProject;
			attributes = {
				LastSwiftUpdateCheck = 0910;
				LastUpgradeCheck = 0910;
				ORGANIZATIONNAME = wansong.mbp.work;
				TargetAttributes = {
					8AB119921FD5521D00FDDF3E = {
						CreatedOnToolsVersion = 9.1;
						ProvisioningStyle = Automatic;
					};
				};
			};
			buildConfigurationList = 8AB1198E1FD5521D00FDDF3E /* Build configuration list for PBXProject "CachePlay" */;
			compatibilityVersion = "Xcode 8.0";
			developmentRegion = en;
			hasScannedForEncodings = 0;
			knownRegions = (
				en,
				Base,
			);
			mainGroup = 8AB1198A1FD5521D00FDDF3E;
			productRefGroup = 8AB119941FD5521D00FDDF3E /* Products */;
			projectDirPath = "";
			projectRoot = "";
			targets = (
				8AB119921FD5521D00FDDF3E /* CachePlay */,
			);
		};
/* End PBXProject section */

/* Begin PBXResourcesBuildPhase section */
		8AB119911FD5521D00FDDF3E /* Resources */ = {
			isa = PBXResourcesBuildPhase;
			buildActionMask = 2147483647;
			files = (
				8AB119A11FD5521D00FDDF3E /* LaunchScreen.storyboard in Resources */,
				8AB1199E1FD5521D00FDDF3E /* Assets.xcassets in Resources */,
				8AB1199C1FD5521D00FDDF3E /* Main.storyboard in Resources */,
			);
			runOnlyForDeploymentPostprocessing = 0;
		};
/* End PBXResourcesBuildPhase section */

/* Begin PBXShellScriptBuildPhase section */
		03A1B38489B719F592087724 /* Auto add frameworks for Carthage */ = {
			isa = PBXShellScriptBuildPhase;
			buildActionMask = 2147483647;
			files = (
			);
			inputPaths = (
				"$(SRCROOT)/Carthage/Build/iOS/Swifter.framework",
			);
			name = "Auto add frameworks for Carthage";
			outputPaths = (
				"$(BUILT_PRODUCTS_DIR)/$(FRAMEWORKS_FOLDER_PATH)/Swifter.framework",
			);
			runOnlyForDeploymentPostprocessing = 0;
			shellPath = /bin/sh;
			shellScript = "/usr/local/bin/carthage copy-frameworks";
		};
		2B81EA1CC20723B69C5A8A5C /* [CP] Copy Pods Resources */ = {
			isa = PBXShellScriptBuildPhase;
			buildActionMask = 2147483647;
			files = (
			);
			inputPaths = (
			);
			name = "[CP] Copy Pods Resources";
			outputPaths = (
			);
			runOnlyForDeploymentPostprocessing = 0;
			shellPath = /bin/sh;
			shellScript = "\"${SRCROOT}/Pods/Target Support Files/Pods-CachePlay/Pods-CachePlay-resources.sh\"\n";
			showEnvVarsInLog = 0;
		};
		2DB6C7C49C08E985CD3BE5D6 /* [CP] Check Pods Manifest.lock */ = {
			isa = PBXShellScriptBuildPhase;
			buildActionMask = 2147483647;
			files = (
			);
			inputPaths = (
				"${PODS_PODFILE_DIR_PATH}/Podfile.lock",
				"${PODS_ROOT}/Manifest.lock",
			);
			name = "[CP] Check Pods Manifest.lock";
			outputPaths = (
				"$(DERIVED_FILE_DIR)/Pods-CachePlay-checkManifestLockResult.txt",
			);
			runOnlyForDeploymentPostprocessing = 0;
			shellPath = /bin/sh;
			shellScript = "diff \"${PODS_PODFILE_DIR_PATH}/Podfile.lock\" \"${PODS_ROOT}/Manifest.lock\" > /dev/null\nif [ $? != 0 ] ; then\n    # print error to STDERR\n    echo \"error: The sandbox is not in sync with the Podfile.lock. Run 'pod install' or update your CocoaPods installation.\" >&2\n    exit 1\nfi\n# This output is used by Xcode 'outputs' to avoid re-running this script phase.\necho \"SUCCESS\" > \"${SCRIPT_OUTPUT_FILE_0}\"\n";
			showEnvVarsInLog = 0;
		};
		C9E414D516CD73C16DDDF57E /* Check deps update for Carthage */ = {
			isa = PBXShellScriptBuildPhase;
			buildActionMask = 2147483647;
			files = (
			);
			inputPaths = (
			);
			name = "Check deps update for Carthage";
			outputPaths = (
			);
			runOnlyForDeploymentPostprocessing = 0;
			shellPath = /bin/sh;
			shellScript = "/usr/local/bin/carthage outdated --xcode-warnings";
		};
		D305634CF38D51C8D25F5886 /* [CP] Embed Pods Frameworks */ = {
			isa = PBXShellScriptBuildPhase;
			buildActionMask = 2147483647;
			files = (
			);
			inputPaths = (
				"${SRCROOT}/Pods/Target Support Files/Pods-CachePlay/Pods-CachePlay-frameworks.sh",
				"${BUILT_PRODUCTS_DIR}/Masonry/Masonry.framework",
				"${BUILT_PRODUCTS_DIR}/ZKUIKit/ZKUIKit.framework",
				"${BUILT_PRODUCTS_DIR}/ss-oc-core/ss_oc_core.framework",
			);
			name = "[CP] Embed Pods Frameworks";
			outputPaths = (
				"${TARGET_BUILD_DIR}/${FRAMEWORKS_FOLDER_PATH}/Masonry.framework",
				"${TARGET_BUILD_DIR}/${FRAMEWORKS_FOLDER_PATH}/ZKUIKit.framework",
				"${TARGET_BUILD_DIR}/${FRAMEWORKS_FOLDER_PATH}/ss_oc_core.framework",
			);
			runOnlyForDeploymentPostprocessing = 0;
			shellPath = /bin/sh;
			shellScript = "\"${SRCROOT}/Pods/Target Support Files/Pods-CachePlay/Pods-CachePlay-frameworks.sh\"\n";
			showEnvVarsInLog = 0;
		};
/* End PBXShellScriptBuildPhase section */

/* Begin PBXSourcesBuildPhase section */
		8AB1198F1FD5521D00FDDF3E /* Sources */ = {
			isa = PBXSourcesBuildPhase;
			buildActionMask = 2147483647;
			files = (
				8AB119991FD5521D00FDDF3E /* ViewController.swift in Sources */,
				8AB119971FD5521D00FDDF3E /* AppDelegate.swift in Sources */,
				F7B01CE71FD70131007DF03E /* CacheProxyServer.swift in Sources */,
			);
			runOnlyForDeploymentPostprocessing = 0;
		};
/* End PBXSourcesBuildPhase section */

/* Begin PBXVariantGroup section */
		8AB1199A1FD5521D00FDDF3E /* Main.storyboard */ = {
			isa = PBXVariantGroup;
			children = (
				8AB1199B1FD5521D00FDDF3E /* Base */,
			);
			name = Main.storyboard;
			sourceTree = "<group>";
		};
		8AB1199F1FD5521D00FDDF3E /* LaunchScreen.storyboard */ = {
			isa = PBXVariantGroup;
			children = (
				8AB119A01FD5521D00FDDF3E /* Base */,
			);
			name = LaunchScreen.storyboard;
			sourceTree = "<group>";
		};
/* End PBXVariantGroup section */

/* Begin XCBuildConfiguration section */
		8AB119A31FD5521D00FDDF3E /* Debug */ = {
			isa = XCBuildConfiguration;
			buildSettings = {
				ALWAYS_SEARCH_USER_PATHS = NO;
				CLANG_ANALYZER_NONNULL = YES;
				CLANG_ANALYZER_NUMBER_OBJECT_CONVERSION = YES_AGGRESSIVE;
				CLANG_CXX_LANGUAGE_STANDARD = "gnu++14";
				CLANG_CXX_LIBRARY = "libc++";
				CLANG_ENABLE_MODULES = YES;
				CLANG_ENABLE_OBJC_ARC = YES;
				CLANG_WARN_BLOCK_CAPTURE_AUTORELEASING = YES;
				CLANG_WARN_BOOL_CONVERSION = YES;
				CLANG_WARN_COMMA = YES;
				CLANG_WARN_CONSTANT_CONVERSION = YES;
				CLANG_WARN_DIRECT_OBJC_ISA_USAGE = YES_ERROR;
				CLANG_WARN_DOCUMENTATION_COMMENTS = YES;
				CLANG_WARN_EMPTY_BODY = YES;
				CLANG_WARN_ENUM_CONVERSION = YES;
				CLANG_WARN_INFINITE_RECURSION = YES;
				CLANG_WARN_INT_CONVERSION = YES;
				CLANG_WARN_NON_LITERAL_NULL_CONVERSION = YES;
				CLANG_WARN_OBJC_LITERAL_CONVERSION = YES;
				CLANG_WARN_OBJC_ROOT_CLASS = YES_ERROR;
				CLANG_WARN_RANGE_LOOP_ANALYSIS = YES;
				CLANG_WARN_STRICT_PROTOTYPES = YES;
				CLANG_WARN_SUSPICIOUS_MOVE = YES;
				CLANG_WARN_UNGUARDED_AVAILABILITY = YES_AGGRESSIVE;
				CLANG_WARN_UNREACHABLE_CODE = YES;
				CLANG_WARN__DUPLICATE_METHOD_MATCH = YES;
				CODE_SIGN_IDENTITY = "iPhone Developer";
				COPY_PHASE_STRIP = NO;
				DEBUG_INFORMATION_FORMAT = dwarf;
				ENABLE_STRICT_OBJC_MSGSEND = YES;
				ENABLE_TESTABILITY = YES;
				GCC_C_LANGUAGE_STANDARD = gnu11;
				GCC_DYNAMIC_NO_PIC = NO;
				GCC_NO_COMMON_BLOCKS = YES;
				GCC_OPTIMIZATION_LEVEL = 0;
				GCC_PREPROCESSOR_DEFINITIONS = (
					"DEBUG=1",
					"$(inherited)",
				);
				GCC_WARN_64_TO_32_BIT_CONVERSION = YES;
				GCC_WARN_ABOUT_RETURN_TYPE = YES_ERROR;
				GCC_WARN_UNDECLARED_SELECTOR = YES;
				GCC_WARN_UNINITIALIZED_AUTOS = YES_AGGRESSIVE;
				GCC_WARN_UNUSED_FUNCTION = YES;
				GCC_WARN_UNUSED_VARIABLE = YES;
				IPHONEOS_DEPLOYMENT_TARGET = 10.3;
				MTL_ENABLE_DEBUG_INFO = YES;
				ONLY_ACTIVE_ARCH = YES;
				SDKROOT = iphoneos;
				SWIFT_ACTIVE_COMPILATION_CONDITIONS = DEBUG;
				SWIFT_OPTIMIZATION_LEVEL = "-Onone";
			};
			name = Debug;
		};
		8AB119A41FD5521D00FDDF3E /* Release */ = {
			isa = XCBuildConfiguration;
			buildSettings = {
				ALWAYS_SEARCH_USER_PATHS = NO;
				CLANG_ANALYZER_NONNULL = YES;
				CLANG_ANALYZER_NUMBER_OBJECT_CONVERSION = YES_AGGRESSIVE;
				CLANG_CXX_LANGUAGE_STANDARD = "gnu++14";
				CLANG_CXX_LIBRARY = "libc++";
				CLANG_ENABLE_MODULES = YES;
				CLANG_ENABLE_OBJC_ARC = YES;
				CLANG_WARN_BLOCK_CAPTURE_AUTORELEASING = YES;
				CLANG_WARN_BOOL_CONVERSION = YES;
				CLANG_WARN_COMMA = YES;
				CLANG_WARN_CONSTANT_CONVERSION = YES;
				CLANG_WARN_DIRECT_OBJC_ISA_USAGE = YES_ERROR;
				CLANG_WARN_DOCUMENTATION_COMMENTS = YES;
				CLANG_WARN_EMPTY_BODY = YES;
				CLANG_WARN_ENUM_CONVERSION = YES;
				CLANG_WARN_INFINITE_RECURSION = YES;
				CLANG_WARN_INT_CONVERSION = YES;
				CLANG_WARN_NON_LITERAL_NULL_CONVERSION = YES;
				CLANG_WARN_OBJC_LITERAL_CONVERSION = YES;
				CLANG_WARN_OBJC_ROOT_CLASS = YES_ERROR;
				CLANG_WARN_RANGE_LOOP_ANALYSIS = YES;
				CLANG_WARN_STRICT_PROTOTYPES = YES;
				CLANG_WARN_SUSPICIOUS_MOVE = YES;
				CLANG_WARN_UNGUARDED_AVAILABILITY = YES_AGGRESSIVE;
				CLANG_WARN_UNREACHABLE_CODE = YES;
				CLANG_WARN__DUPLICATE_METHOD_MATCH = YES;
				CODE_SIGN_IDENTITY = "iPhone Developer";
				COPY_PHASE_STRIP = NO;
				DEBUG_INFORMATION_FORMAT = "dwarf-with-dsym";
				ENABLE_NS_ASSERTIONS = NO;
				ENABLE_STRICT_OBJC_MSGSEND = YES;
				GCC_C_LANGUAGE_STANDARD = gnu11;
				GCC_NO_COMMON_BLOCKS = YES;
				GCC_WARN_64_TO_32_BIT_CONVERSION = YES;
				GCC_WARN_ABOUT_RETURN_TYPE = YES_ERROR;
				GCC_WARN_UNDECLARED_SELECTOR = YES;
				GCC_WARN_UNINITIALIZED_AUTOS = YES_AGGRESSIVE;
				GCC_WARN_UNUSED_FUNCTION = YES;
				GCC_WARN_UNUSED_VARIABLE = YES;
				IPHONEOS_DEPLOYMENT_TARGET = 10.3;
				MTL_ENABLE_DEBUG_INFO = NO;
				SDKROOT = iphoneos;
				SWIFT_OPTIMIZATION_LEVEL = "-Owholemodule";
				VALIDATE_PRODUCT = YES;
			};
			name = Release;
		};
		8AB119A61FD5521D00FDDF3E /* Debug */ = {
			isa = XCBuildConfiguration;
			baseConfigurationReference = B47B0870A8F17BAC539B5552 /* Pods-CachePlay.debug.xcconfig */;
			buildSettings = {
				ASSETCATALOG_COMPILER_APPICON_NAME = AppIcon;
				CODE_SIGN_STYLE = Automatic;
				DEVELOPMENT_TEAM = M863E7K5E6;
				FRAMEWORK_SEARCH_PATHS = (
					"$(inherited)",
					"$(SRCROOT)/Carthage/Build/iOS",
				);
				INFOPLIST_FILE = CachePlay/Info.plist;
				LD_RUNPATH_SEARCH_PATHS = "$(inherited) @executable_path/Frameworks";
				PRODUCT_BUNDLE_IDENTIFIER = com.innobuddy.CachePlay;
				PRODUCT_NAME = "$(TARGET_NAME)";
				SWIFT_VERSION = 4.0;
				TARGETED_DEVICE_FAMILY = "1,2";
			};
			name = Debug;
		};
		8AB119A71FD5521D00FDDF3E /* Release */ = {
			isa = XCBuildConfiguration;
			baseConfigurationReference = 8303177F359DF9F5E3D4A7DF /* Pods-CachePlay.release.xcconfig */;
			buildSettings = {
				ASSETCATALOG_COMPILER_APPICON_NAME = AppIcon;
				CODE_SIGN_STYLE = Automatic;
				DEVELOPMENT_TEAM = M863E7K5E6;
				FRAMEWORK_SEARCH_PATHS = (
					"$(inherited)",
					"$(SRCROOT)/Carthage/Build/iOS",
				);
				INFOPLIST_FILE = CachePlay/Info.plist;
				LD_RUNPATH_SEARCH_PATHS = "$(inherited) @executable_path/Frameworks";
				PRODUCT_BUNDLE_IDENTIFIER = com.innobuddy.CachePlay;
				PRODUCT_NAME = "$(TARGET_NAME)";
				SWIFT_VERSION = 4.0;
				TARGETED_DEVICE_FAMILY = "1,2";
			};
			name = Release;
		};
/* End XCBuildConfiguration section */

/* Begin XCConfigurationList section */
		8AB1198E1FD5521D00FDDF3E /* Build configuration list for PBXProject "CachePlay" */ = {
			isa = XCConfigurationList;
			buildConfigurations = (
				8AB119A31FD5521D00FDDF3E /* Debug */,
				8AB119A41FD5521D00FDDF3E /* Release */,
			);
			defaultConfigurationIsVisible = 0;
			defaultConfigurationName = Release;
		};
		8AB119A51FD5521D00FDDF3E /* Build configuration list for PBXNativeTarget "CachePlay" */ = {
			isa = XCConfigurationList;
			buildConfigurations = (
				8AB119A61FD5521D00FDDF3E /* Debug */,
				8AB119A71FD5521D00FDDF3E /* Release */,
			);
			defaultConfigurationIsVisible = 0;
			defaultConfigurationName = Release;
		};
/* End XCConfigurationList section */
	};
	rootObject = 8AB1198B1FD5521D00FDDF3E /* Project object */;
}
